
Microsoft Visual Studio Solution File, Format Version 12.00
# Visual Studio Version 17
VisualStudioVersion = 17.3.32825.248
MinimumVisualStudioVersion = 10.0.40219.1
Project("{FAE04EC0-301F-11D3-BF4B-00C04F79EFBC}") = "AutomationForm.UnitTests", "AutomationForm.UnitTests\AutomationForm.UnitTests.csproj", "{10584C61-C4D5-4CA9-B171-0FE75A60CACE}"
EndProject
Project("{FAE04EC0-301F-11D3-BF4B-00C04F79EFBC}") = "AutomationForm.IntegrationTests", "AutomationForm.IntegrationTests\AutomationForm.IntegrationTests.csproj", "{ECDBC3FC-22DF-4E16-97B4-E64B7AEDE632}"
EndProject
Project("{9A19103F-16F7-4668-BE54-9A1E7A4F7556}") = "SDAFWebApp", "SDAF\SDAFWebApp.csproj", "{BB09D45E-2643-4548-9B09-F8718E98DAB2}"
EndProject
Global
	GlobalSection(SolutionConfigurationPlatforms) = preSolution
		Debug|Any CPU = Debug|Any CPU
		Release|Any CPU = Release|Any CPU
	EndGlobalSection
	GlobalSection(ProjectConfigurationPlatforms) = postSolution
		{10584C61-C4D5-4CA9-B171-0FE75A60CACE}.Debug|Any CPU.ActiveCfg = Debug|Any CPU
		{10584C61-C4D5-4CA9-B171-0FE75A60CACE}.Debug|Any CPU.Build.0 = Debug|Any CPU
		{10584C61-C4D5-4CA9-B171-0FE75A60CACE}.Release|Any CPU.ActiveCfg = Release|Any CPU
		{10584C61-C4D5-4CA9-B171-0FE75A60CACE}.Release|Any CPU.Build.0 = Release|Any CPU
		{ECDBC3FC-22DF-4E16-97B4-E64B7AEDE632}.Debug|Any CPU.ActiveCfg = Debug|Any CPU
		{ECDBC3FC-22DF-4E16-97B4-E64B7AEDE632}.Debug|Any CPU.Build.0 = Debug|Any CPU
		{ECDBC3FC-22DF-4E16-97B4-E64B7AEDE632}.Release|Any CPU.ActiveCfg = Release|Any CPU
		{ECDBC3FC-22DF-4E16-97B4-E64B7AEDE632}.Release|Any CPU.Build.0 = Release|Any CPU
		{BB09D45E-2643-4548-9B09-F8718E98DAB2}.Debug|Any CPU.ActiveCfg = Debug|Any CPU
		{BB09D45E-2643-4548-9B09-F8718E98DAB2}.Debug|Any CPU.Build.0 = Debug|Any CPU
		{BB09D45E-2643-4548-9B09-F8718E98DAB2}.Release|Any CPU.ActiveCfg = Release|Any CPU
		{BB09D45E-2643-4548-9B09-F8718E98DAB2}.Release|Any CPU.Build.0 = Release|Any CPU
	EndGlobalSection
	GlobalSection(SolutionProperties) = preSolution
		HideSolutionNode = FALSE
	EndGlobalSection
	GlobalSection(ExtensibilityGlobals) = postSolution
		SolutionGuid = {424DEF04-F3E3-4A62-A37A-3261CCBBC8EB}
	EndGlobalSection
EndGlobal
